
Microsoft Visual Studio Solution File, Format Version 12.00
# Visual Studio Version 16
VisualStudioVersion = 16.0.31624.102
MinimumVisualStudioVersion = 10.0.40219.1
Project("{FAE04EC0-301F-11D3-BF4B-00C04F79EFBC}") = "MarvelCharacters.API", "MarvelCharacters.API\MarvelCharacters.API.csproj", "{3FED65CB-980B-462A-9A64-12BB3D6E5A08}"
EndProject
Project("{FAE04EC0-301F-11D3-BF4B-00C04F79EFBC}") = "MarvelCharacters.Domain", "MarvelCharacters.Domain\MarvelCharacters.Domain.csproj", "{9652896F-F3B4-480F-973E-F0FFF6E50527}"
EndProject
Project("{FAE04EC0-301F-11D3-BF4B-00C04F79EFBC}") = "MarvelCharacters.Repository", "MarvelCharacters.Repository\MarvelCharacters.Repository.csproj", "{D8BEF5CB-8E8F-4814-9B0C-9DF223BF755A}"
EndProject
Project("{FAE04EC0-301F-11D3-BF4B-00C04F79EFBC}") = "MarvelCharacters.Services", "MarvelCharacters.Services\MarvelCharacters.Services.csproj", "{C1B55F04-B14D-471A-AC5C-ECE8AAC25C3C}"
EndProject
Global
	GlobalSection(SolutionConfigurationPlatforms) = preSolution
		Debug|Any CPU = Debug|Any CPU
		Release|Any CPU = Release|Any CPU
	EndGlobalSection
	GlobalSection(ProjectConfigurationPlatforms) = postSolution
		{3FED65CB-980B-462A-9A64-12BB3D6E5A08}.Debug|Any CPU.ActiveCfg = Debug|Any CPU
		{3FED65CB-980B-462A-9A64-12BB3D6E5A08}.Debug|Any CPU.Build.0 = Debug|Any CPU
		{3FED65CB-980B-462A-9A64-12BB3D6E5A08}.Release|Any CPU.ActiveCfg = Release|Any CPU
		{3FED65CB-980B-462A-9A64-12BB3D6E5A08}.Release|Any CPU.Build.0 = Release|Any CPU
		{9652896F-F3B4-480F-973E-F0FFF6E50527}.Debug|Any CPU.ActiveCfg = Debug|Any CPU
		{9652896F-F3B4-480F-973E-F0FFF6E50527}.Debug|Any CPU.Build.0 = Debug|Any CPU
		{9652896F-F3B4-480F-973E-F0FFF6E50527}.Release|Any CPU.ActiveCfg = Release|Any CPU
		{9652896F-F3B4-480F-973E-F0FFF6E50527}.Release|Any CPU.Build.0 = Release|Any CPU
		{D8BEF5CB-8E8F-4814-9B0C-9DF223BF755A}.Debug|Any CPU.ActiveCfg = Debug|Any CPU
		{D8BEF5CB-8E8F-4814-9B0C-9DF223BF755A}.Debug|Any CPU.Build.0 = Debug|Any CPU
		{D8BEF5CB-8E8F-4814-9B0C-9DF223BF755A}.Release|Any CPU.ActiveCfg = Release|Any CPU
		{D8BEF5CB-8E8F-4814-9B0C-9DF223BF755A}.Release|Any CPU.Build.0 = Release|Any CPU
		{C1B55F04-B14D-471A-AC5C-ECE8AAC25C3C}.Debug|Any CPU.ActiveCfg = Debug|Any CPU
		{C1B55F04-B14D-471A-AC5C-ECE8AAC25C3C}.Debug|Any CPU.Build.0 = Debug|Any CPU
		{C1B55F04-B14D-471A-AC5C-ECE8AAC25C3C}.Release|Any CPU.ActiveCfg = Release|Any CPU
		{C1B55F04-B14D-471A-AC5C-ECE8AAC25C3C}.Release|Any CPU.Build.0 = Release|Any CPU
	EndGlobalSection
	GlobalSection(SolutionProperties) = preSolution
		HideSolutionNode = FALSE
	EndGlobalSection
	GlobalSection(ExtensibilityGlobals) = postSolution
		SolutionGuid = {8198A2C6-6195-46A9-9D17-36E0170CEA1A}
	EndGlobalSection
EndGlobal
